// !$*UTF8*$!
{
	archiveVersion = 1;
	classes = {
	};
	objectVersion = 56;
	objects = {

/* Begin PBXBuildFile section */
		032378596551366EF6B97F94 /* NutritionMathTests.swift in Sources */ = {isa = PBXBuildFile; fileRef = BDAA379520220E99B6CF628D /* NutritionMathTests.swift */; };
		144DEC9417FD28234EE097FA /* BarcodeScannerView.swift in Sources */ = {isa = PBXBuildFile; fileRef = 10F7D7B8973CECAEB054EA4E /* BarcodeScannerView.swift */; };
		18B2F6C68D35D0441602F0D1 /* EntitlementStore.swift in Sources */ = {isa = PBXBuildFile; fileRef = 9597B10421DEA888BAF5E021 /* EntitlementStore.swift */; };
		1A8BCD06179B5820D658F18F /* AppState.swift in Sources */ = {isa = PBXBuildFile; fileRef = 8B62AB99A6D511843C1A548F /* AppState.swift */; };
		3CA60DFE7DDA9CC8B59026A6 /* NotificationService.swift in Sources */ = {isa = PBXBuildFile; fileRef = 006948E6891514F4AB6D22A8 /* NotificationService.swift */; };
		45FFE2FDFB5F31278832CE8F /* Keychain.swift in Sources */ = {isa = PBXBuildFile; fileRef = E8C762F3CFF0B6FA04768DDB /* Keychain.swift */; };
		483325456E6EA79EDC02A82C /* Theme.swift in Sources */ = {isa = PBXBuildFile; fileRef = E433AFA561602247A05144FE /* Theme.swift */; };
		4FD87A4CB9D5BC2A0263514B /* Entitlements.swift in Sources */ = {isa = PBXBuildFile; fileRef = CABE69BE694AA90C5A52FFDC /* Entitlements.swift */; };
		553DF3BE475943531512356E /* NotificationSettingsView.swift in Sources */ = {isa = PBXBuildFile; fileRef = E3CB110314404B2794404FF6 /* NotificationSettingsView.swift */; };
		582F21070DB89B67E4471E3C /* Analytics.swift in Sources */ = {isa = PBXBuildFile; fileRef = 951555F88FADE5C91AD242E6 /* Analytics.swift */; };
		5AB020A5A3F434BA4C3EC398 /* Haptics.swift in Sources */ = {isa = PBXBuildFile; fileRef = 210A413D97AA539DD178D80A /* Haptics.swift */; };
		64F40BBB20DD1A7C6853C58D /* SnapCalUITests.swift in Sources */ = {isa = PBXBuildFile; fileRef = C30A3572E6A1FBFFF61A3E27 /* SnapCalUITests.swift */; };
		68006C9BC1BFD30022F84A34 /* DiaryView.swift in Sources */ = {isa = PBXBuildFile; fileRef = B8D9EA0F96AC39CDC076CD65 /* DiaryView.swift */; };
		8C0EEA0A35FFF944774C5B41 /* RootView.swift in Sources */ = {isa = PBXBuildFile; fileRef = 9698E1376AFC5F2F6CD7B893 /* RootView.swift */; };
		909FC15071F46E815EF3E45B /* MealPlannerView.swift in Sources */ = {isa = PBXBuildFile; fileRef = 81901AEE6E94479296B0388E /* MealPlannerView.swift */; };
		9882F54642AC46EF05152BA0 /* SubscriptionManager.swift in Sources */ = {isa = PBXBuildFile; fileRef = 21B1C9E8AEDA217151DD2318 /* SubscriptionManager.swift */; };
		A2895F2FA5ADC607BF322DD5 /* CoachView.swift in Sources */ = {isa = PBXBuildFile; fileRef = 1A5B47BE3A5D8CF3D4F6582E /* CoachView.swift */; };
		A9217920447B40A32BE3A24A /* PaywallView.swift in Sources */ = {isa = PBXBuildFile; fileRef = 1A7193AD9D443FA467ECC593 /* PaywallView.swift */; };
		B0AE89CBC1523DEA5E4485EF /* HealthService.swift in Sources */ = {isa = PBXBuildFile; fileRef = 4A58C9248922C0F97619B5B9 /* HealthService.swift */; };
		B68E6D9FFD4FDF284B09893F /* WelcomeView.swift in Sources */ = {isa = PBXBuildFile; fileRef = 5DFA113D1E60047FF2D17D03 /* WelcomeView.swift */; };
		BC0D22A411E7DEBC4DDE8CFF /* Assets.xcassets in Resources */ = {isa = PBXBuildFile; fileRef = 732CDB1930063A5456B77EE2 /* Assets.xcassets */; };
		C344746D89057771CD84943C /* Models.swift in Sources */ = {isa = PBXBuildFile; fileRef = 6879CABF153E425EDADE4BFF /* Models.swift */; };
		C5104D6C0FCDABD55D2E6429 /* OnboardingFlow.swift in Sources */ = {isa = PBXBuildFile; fileRef = 92C7B5BEDBD1D16BDA3C30F1 /* OnboardingFlow.swift */; };
		CAC7895B1BA40590AD645010 /* VoiceLogView.swift in Sources */ = {isa = PBXBuildFile; fileRef = 0AB1CCC377562841E2A7A979 /* VoiceLogView.swift */; };
		CC1DB52BA208EA186FCB3AA3 /* LogFlowView.swift in Sources */ = {isa = PBXBuildFile; fileRef = 942575C974A1B31C87FE6024 /* LogFlowView.swift */; };
		CD43551841E5387B405B4EFC /* APIClient.swift in Sources */ = {isa = PBXBuildFile; fileRef = 3D07BA2CFE330C17B8567F4D /* APIClient.swift */; };
		DA223AA3D346CC99B5D25EE7 /* SnapCalApp.swift in Sources */ = {isa = PBXBuildFile; fileRef = 618F7786335B234E87602375 /* SnapCalApp.swift */; };
		DF19EA46A3837FDD9B996224 /* SettingsView.swift in Sources */ = {isa = PBXBuildFile; fileRef = AC9B622F2E914BBAFE8B6ED5 /* SettingsView.swift */; };
		E11A5584EC1BB7D1016B363F /* ProgressHubView.swift in Sources */ = {isa = PBXBuildFile; fileRef = BA12FEE59457DEFB54246E7F /* ProgressHubView.swift */; };
		EF3060160FF39B66DD3E623B /* DashboardView.swift in Sources */ = {isa = PBXBuildFile; fileRef = CDEB963E9428023FF066522E /* DashboardView.swift */; };
		F027A453237DC91E8A60FA57 /* TextLogView.swift in Sources */ = {isa = PBXBuildFile; fileRef = 9F76698B9C52488B512D0BC9 /* TextLogView.swift */; };
		F0B87E887C8F9932A960E887 /* ConfirmMealView.swift in Sources */ = {isa = PBXBuildFile; fileRef = A801E97661E6F523323817B7 /* ConfirmMealView.swift */; };
		F5BE67CFEF02CDCBD2E9E1B9 /* CameraCaptureView.swift in Sources */ = {isa = PBXBuildFile; fileRef = 66C5E511B8F3BE02E96838C8 /* CameraCaptureView.swift */; };
/* End PBXBuildFile section */

/* Begin PBXContainerItemProxy section */
		193D0A8035DE97CF1A3652FD /* PBXContainerItemProxy */ = {
			isa = PBXContainerItemProxy;
			containerPortal = 46F86FAA6BBF9AC94A7E4595 /* Project object */;
			proxyType = 1;
			remoteGlobalIDString = 2B71CC765B559B158C5D60EB;
			remoteInfo = SnapCal;
		};
		74FC7C536795609A8C25D6E6 /* PBXContainerItemProxy */ = {
			isa = PBXContainerItemProxy;
			containerPortal = 46F86FAA6BBF9AC94A7E4595 /* Project object */;
			proxyType = 1;
			remoteGlobalIDString = 2B71CC765B559B158C5D60EB;
			remoteInfo = SnapCal;
		};
/* End PBXContainerItemProxy section */

/* Begin PBXFileReference section */
		23B478125D4666711E3EE5EC /* Base.xcconfig */ = {isa = PBXFileReference; lastKnownFileType = text.xcconfig; path = "Base.xcconfig"; sourceTree = "<group>"; };
		2A25695681E34DE6CEFFAD72 /* Debug.xcconfig */ = {isa = PBXFileReference; lastKnownFileType = text.xcconfig; path = "Debug.xcconfig"; sourceTree = "<group>"; };
		ADD142CE44799C2312D148CC /* Release.xcconfig */ = {isa = PBXFileReference; lastKnownFileType = text.xcconfig; path = "Release.xcconfig"; sourceTree = "<group>"; };
		753A98C2A7CB26D9EB096272 /* SnapCal.storekit */ = {isa = PBXFileReference; lastKnownFileType = text.json; path = "SnapCal.storekit"; sourceTree = "<group>"; };
		BDAA379520220E99B6CF628D /* NutritionMathTests.swift */ = {isa = PBXFileReference; lastKnownFileType = sourcecode.swift; path = "NutritionMathTests.swift"; sourceTree = "<group>"; };
		C30A3572E6A1FBFFF61A3E27 /* SnapCalUITests.swift */ = {isa = PBXFileReference; lastKnownFileType = sourcecode.swift; path = "SnapCalUITests.swift"; sourceTree = "<group>"; };
		9698E1376AFC5F2F6CD7B893 /* RootView.swift */ = {isa = PBXFileReference; lastKnownFileType = sourcecode.swift; path = "RootView.swift"; sourceTree = "<group>"; };
		618F7786335B234E87602375 /* SnapCalApp.swift */ = {isa = PBXFileReference; lastKnownFileType = sourcecode.swift; path = "SnapCalApp.swift"; sourceTree = "<group>"; };
		951555F88FADE5C91AD242E6 /* Analytics.swift */ = {isa = PBXFileReference; lastKnownFileType = sourcecode.swift; path = "Analytics.swift"; sourceTree = "<group>"; };
		210A413D97AA539DD178D80A /* Haptics.swift */ = {isa = PBXFileReference; lastKnownFileType = sourcecode.swift; path = "Haptics.swift"; sourceTree = "<group>"; };
		E8C762F3CFF0B6FA04768DDB /* Keychain.swift */ = {isa = PBXFileReference; lastKnownFileType = sourcecode.swift; path = "Keychain.swift"; sourceTree = "<group>"; };
		E433AFA561602247A05144FE /* Theme.swift */ = {isa = PBXFileReference; lastKnownFileType = sourcecode.swift; path = "Theme.swift"; sourceTree = "<group>"; };
		10F7D7B8973CECAEB054EA4E /* BarcodeScannerView.swift */ = {isa = PBXFileReference; lastKnownFileType = sourcecode.swift; path = "BarcodeScannerView.swift"; sourceTree = "<group>"; };
		1A5B47BE3A5D8CF3D4F6582E /* CoachView.swift */ = {isa = PBXFileReference; lastKnownFileType = sourcecode.swift; path = "CoachView.swift"; sourceTree = "<group>"; };
		A801E97661E6F523323817B7 /* ConfirmMealView.swift */ = {isa = PBXFileReference; lastKnownFileType = sourcecode.swift; path = "ConfirmMealView.swift"; sourceTree = "<group>"; };
		CDEB963E9428023FF066522E /* DashboardView.swift */ = {isa = PBXFileReference; lastKnownFileType = sourcecode.swift; path = "DashboardView.swift"; sourceTree = "<group>"; };
		B8D9EA0F96AC39CDC076CD65 /* DiaryView.swift */ = {isa = PBXFileReference; lastKnownFileType = sourcecode.swift; path = "DiaryView.swift"; sourceTree = "<group>"; };
		4A58C9248922C0F97619B5B9 /* HealthService.swift */ = {isa = PBXFileReference; lastKnownFileType = sourcecode.swift; path = "HealthService.swift"; sourceTree = "<group>"; };
		BA12FEE59457DEFB54246E7F /* ProgressHubView.swift */ = {isa = PBXFileReference; lastKnownFileType = sourcecode.swift; path = "ProgressHubView.swift"; sourceTree = "<group>"; };
		81901AEE6E94479296B0388E /* MealPlannerView.swift */ = {isa = PBXFileReference; lastKnownFileType = sourcecode.swift; path = "MealPlannerView.swift"; sourceTree = "<group>"; };
		006948E6891514F4AB6D22A8 /* NotificationService.swift */ = {isa = PBXFileReference; lastKnownFileType = sourcecode.swift; path = "NotificationService.swift"; sourceTree = "<group>"; };
		E3CB110314404B2794404FF6 /* NotificationSettingsView.swift */ = {isa = PBXFileReference; lastKnownFileType = sourcecode.swift; path = "NotificationSettingsView.swift"; sourceTree = "<group>"; };
		92C7B5BEDBD1D16BDA3C30F1 /* OnboardingFlow.swift */ = {isa = PBXFileReference; lastKnownFileType = sourcecode.swift; path = "OnboardingFlow.swift"; sourceTree = "<group>"; };
		5DFA113D1E60047FF2D17D03 /* WelcomeView.swift */ = {isa = PBXFileReference; lastKnownFileType = sourcecode.swift; path = "WelcomeView.swift"; sourceTree = "<group>"; };
		1A7193AD9D443FA467ECC593 /* PaywallView.swift */ = {isa = PBXFileReference; lastKnownFileType = sourcecode.swift; path = "PaywallView.swift"; sourceTree = "<group>"; };
		66C5E511B8F3BE02E96838C8 /* CameraCaptureView.swift */ = {isa = PBXFileReference; lastKnownFileType = sourcecode.swift; path = "CameraCaptureView.swift"; sourceTree = "<group>"; };
		942575C974A1B31C87FE6024 /* LogFlowView.swift */ = {isa = PBXFileReference; lastKnownFileType = sourcecode.swift; path = "LogFlowView.swift"; sourceTree = "<group>"; };
		AC9B622F2E914BBAFE8B6ED5 /* SettingsView.swift */ = {isa = PBXFileReference; lastKnownFileType = sourcecode.swift; path = "SettingsView.swift"; sourceTree = "<group>"; };
		9F76698B9C52488B512D0BC9 /* TextLogView.swift */ = {isa = PBXFileReference; lastKnownFileType = sourcecode.swift; path = "TextLogView.swift"; sourceTree = "<group>"; };
		0AB1CCC377562841E2A7A979 /* VoiceLogView.swift */ = {isa = PBXFileReference; lastKnownFileType = sourcecode.swift; path = "VoiceLogView.swift"; sourceTree = "<group>"; };
		3D07BA2CFE330C17B8567F4D /* APIClient.swift */ = {isa = PBXFileReference; lastKnownFileType = sourcecode.swift; path = "APIClient.swift"; sourceTree = "<group>"; };
		CABE69BE694AA90C5A52FFDC /* Entitlements.swift */ = {isa = PBXFileReference; lastKnownFileType = sourcecode.swift; path = "Entitlements.swift"; sourceTree = "<group>"; };
		6879CABF153E425EDADE4BFF /* Models.swift */ = {isa = PBXFileReference; lastKnownFileType = sourcecode.swift; path = "Models.swift"; sourceTree = "<group>"; };
		732CDB1930063A5456B77EE2 /* Assets.xcassets */ = {isa = PBXFileReference; lastKnownFileType = folder.assetcatalog; path = "Assets.xcassets"; sourceTree = "<group>"; };
		0EA8DFA69206A8B67ABB52C7 /* Info.plist */ = {isa = PBXFileReference; lastKnownFileType = text.plist.xml; path = "Info.plist"; sourceTree = "<group>"; };
		4A82837B83F90BCC70DF90EF /* SnapCal.entitlements */ = {isa = PBXFileReference; lastKnownFileType = text.plist.entitlements; path = "SnapCal.entitlements"; sourceTree = "<group>"; };
		8B62AB99A6D511843C1A548F /* AppState.swift */ = {isa = PBXFileReference; lastKnownFileType = sourcecode.swift; path = "AppState.swift"; sourceTree = "<group>"; };
		9597B10421DEA888BAF5E021 /* EntitlementStore.swift */ = {isa = PBXFileReference; lastKnownFileType = sourcecode.swift; path = "EntitlementStore.swift"; sourceTree = "<group>"; };
		21B1C9E8AEDA217151DD2318 /* SubscriptionManager.swift */ = {isa = PBXFileReference; lastKnownFileType = sourcecode.swift; path = "SubscriptionManager.swift"; sourceTree = "<group>"; };
		84337AD8D27FCD69AF2C4FC2 /* SnapCal.app */ = {isa = PBXFileReference; explicitFileType = wrapper.application; includeInIndex = 0; path = "SnapCal.app"; sourceTree = BUILT_PRODUCTS_DIR; };
		DFDED23FA58339F9273F6C84 /* SnapCalTests.xctest */ = {isa = PBXFileReference; explicitFileType = wrapper.cfbundle; includeInIndex = 0; path = "SnapCalTests.xctest"; sourceTree = BUILT_PRODUCTS_DIR; };
		BCEE5B7C1B654D90B6BEE36F /* SnapCalUITests.xctest */ = {isa = PBXFileReference; explicitFileType = wrapper.cfbundle; includeInIndex = 0; path = "SnapCalUITests.xctest"; sourceTree = BUILT_PRODUCTS_DIR; };
/* End PBXFileReference section */

/* Begin PBXFrameworksBuildPhase section */
		F92A2442C1DCCC476E995124 /* Frameworks */ = {
			isa = PBXFrameworksBuildPhase;
			buildActionMask = 2147483647;
			files = (
			);
			runOnlyForDeploymentPostprocessing = 0;
		};
		78B03EA5707E239CE6A8A1B3 /* Frameworks */ = {
			isa = PBXFrameworksBuildPhase;
			buildActionMask = 2147483647;
			files = (
			);
			runOnlyForDeploymentPostprocessing = 0;
		};
		AA5D4ADE9A71E930F6466C7C /* Frameworks */ = {
			isa = PBXFrameworksBuildPhase;
			buildActionMask = 2147483647;
			files = (
			);
			runOnlyForDeploymentPostprocessing = 0;
		};
/* End PBXFrameworksBuildPhase section */

/* Begin PBXGroup section */
		518DA81DB9B99529C0C0AEBE = {
			isa = PBXGroup;
			children = (
				BD13AA3ACFF3D0C2ED6E4720 /* Config */,
				A41B7EDF869B33BB081AC7D3 /* SnapCal */,
				8EF0FC83DAFE6DF0BE6289C3 /* SnapCalTests */,
				D4628065601F1B5081180D30 /* SnapCalUITests */,
				547D009064F7C3F13BEF3460 /* Products */,
			);
			sourceTree = "<group>";
		};
		547D009064F7C3F13BEF3460 /* Products */ = {
			isa = PBXGroup;
			children = (
				84337AD8D27FCD69AF2C4FC2 /* SnapCal.app */,
				DFDED23FA58339F9273F6C84 /* SnapCalTests.xctest */,
				BCEE5B7C1B654D90B6BEE36F /* SnapCalUITests.xctest */,
			);
			name = Products;
			sourceTree = "<group>";
		};
		BD13AA3ACFF3D0C2ED6E4720 /* Config */ = {
			isa = PBXGroup;
			children = (
				23B478125D4666711E3EE5EC /* Base.xcconfig */,
				2A25695681E34DE6CEFFAD72 /* Debug.xcconfig */,
				ADD142CE44799C2312D148CC /* Release.xcconfig */,
				753A98C2A7CB26D9EB096272 /* SnapCal.storekit */,
			);
			path = "Config";
			sourceTree = "<group>";
		};
		86F52B4231FC3A7D77C597F5 /* App */ = {
			isa = PBXGroup;
			children = (
				9698E1376AFC5F2F6CD7B893 /* RootView.swift */,
				618F7786335B234E87602375 /* SnapCalApp.swift */,
			);
			path = "App";
			sourceTree = "<group>";
		};
		7A3DA1FD1652BA7486FBB619 /* Analytics */ = {
			isa = PBXGroup;
			children = (
				951555F88FADE5C91AD242E6 /* Analytics.swift */,
			);
			path = "Analytics";
			sourceTree = "<group>";
		};
		FBB74A86A2FB3C01CBA47B6A /* Core */ = {
			isa = PBXGroup;
			children = (
				7A3DA1FD1652BA7486FBB619 /* Analytics */,
				210A413D97AA539DD178D80A /* Haptics.swift */,
				E8C762F3CFF0B6FA04768DDB /* Keychain.swift */,
				E433AFA561602247A05144FE /* Theme.swift */,
			);
			path = "Core";
			sourceTree = "<group>";
		};
		251B36A77A44B6D5A062E924 /* Barcode */ = {
			isa = PBXGroup;
			children = (
				10F7D7B8973CECAEB054EA4E /* BarcodeScannerView.swift */,
			);
			path = "Barcode";
			sourceTree = "<group>";
		};
		ACEC81E669F3E8B19602E985 /* Coach */ = {
			isa = PBXGroup;
			children = (
				1A5B47BE3A5D8CF3D4F6582E /* CoachView.swift */,
			);
			path = "Coach";
			sourceTree = "<group>";
		};
		443F81F3ACC69297AFB4721B /* Confirm */ = {
			isa = PBXGroup;
			children = (
				A801E97661E6F523323817B7 /* ConfirmMealView.swift */,
			);
			path = "Confirm";
			sourceTree = "<group>";
		};
		655EB38641A1C83C08C8EAA2 /* Dashboard */ = {
			isa = PBXGroup;
			children = (
				CDEB963E9428023FF066522E /* DashboardView.swift */,
			);
			path = "Dashboard";
			sourceTree = "<group>";
		};
		23C225CE059C7A111CE6D94C /* Diary */ = {
			isa = PBXGroup;
			children = (
				B8D9EA0F96AC39CDC076CD65 /* DiaryView.swift */,
			);
			path = "Diary";
			sourceTree = "<group>";
		};
		7C7C167D0E1AE526C98930BE /* Health */ = {
			isa = PBXGroup;
			children = (
				4A58C9248922C0F97619B5B9 /* HealthService.swift */,
			);
			path = "Health";
			sourceTree = "<group>";
		};
		DC2968991BC43B63114B3047 /* History */ = {
			isa = PBXGroup;
			children = (
				BA12FEE59457DEFB54246E7F /* ProgressHubView.swift */,
			);
			path = "History";
			sourceTree = "<group>";
		};
		757A63FDAB94B299BA9ECB48 /* MealPlanner */ = {
			isa = PBXGroup;
			children = (
				81901AEE6E94479296B0388E /* MealPlannerView.swift */,
			);
			path = "MealPlanner";
			sourceTree = "<group>";
		};
		74C0AE34EE17C4563778AB2C /* Notifications */ = {
			isa = PBXGroup;
			children = (
				006948E6891514F4AB6D22A8 /* NotificationService.swift */,
				E3CB110314404B2794404FF6 /* NotificationSettingsView.swift */,
			);
			path = "Notifications";
			sourceTree = "<group>";
		};
		3D152FD1425BA53E5CA49D04 /* Onboarding */ = {
			isa = PBXGroup;
			children = (
				92C7B5BEDBD1D16BDA3C30F1 /* OnboardingFlow.swift */,
				5DFA113D1E60047FF2D17D03 /* WelcomeView.swift */,
			);
			path = "Onboarding";
			sourceTree = "<group>";
		};
		CBA2415E2EF9F223FCFC65B8 /* Paywall */ = {
			isa = PBXGroup;
			children = (
				1A7193AD9D443FA467ECC593 /* PaywallView.swift */,
			);
			path = "Paywall";
			sourceTree = "<group>";
		};
		A646F2E7A9CB15EE0AF9BA22 /* Scan */ = {
			isa = PBXGroup;
			children = (
				66C5E511B8F3BE02E96838C8 /* CameraCaptureView.swift */,
				942575C974A1B31C87FE6024 /* LogFlowView.swift */,
			);
			path = "Scan";
			sourceTree = "<group>";
		};
		221BE1D92D146C9D9CB6A170 /* Settings */ = {
			isa = PBXGroup;
			children = (
				AC9B622F2E914BBAFE8B6ED5 /* SettingsView.swift */,
			);
			path = "Settings";
			sourceTree = "<group>";
		};
		9D09071238608B77CCE4815C /* TextLog */ = {
			isa = PBXGroup;
			children = (
				9F76698B9C52488B512D0BC9 /* TextLogView.swift */,
			);
			path = "TextLog";
			sourceTree = "<group>";
		};
		E775C57065B4EB1C714AF10C /* VoiceLog */ = {
			isa = PBXGroup;
			children = (
				0AB1CCC377562841E2A7A979 /* VoiceLogView.swift */,
			);
			path = "VoiceLog";
			sourceTree = "<group>";
		};
		020A3A2B30B8E4761C03ECEA /* Features */ = {
			isa = PBXGroup;
			children = (
				251B36A77A44B6D5A062E924 /* Barcode */,
				ACEC81E669F3E8B19602E985 /* Coach */,
				443F81F3ACC69297AFB4721B /* Confirm */,
				655EB38641A1C83C08C8EAA2 /* Dashboard */,
				23C225CE059C7A111CE6D94C /* Diary */,
				7C7C167D0E1AE526C98930BE /* Health */,
				DC2968991BC43B63114B3047 /* History */,
				757A63FDAB94B299BA9ECB48 /* MealPlanner */,
				74C0AE34EE17C4563778AB2C /* Notifications */,
				3D152FD1425BA53E5CA49D04 /* Onboarding */,
				CBA2415E2EF9F223FCFC65B8 /* Paywall */,
				A646F2E7A9CB15EE0AF9BA22 /* Scan */,
				221BE1D92D146C9D9CB6A170 /* Settings */,
				9D09071238608B77CCE4815C /* TextLog */,
				E775C57065B4EB1C714AF10C /* VoiceLog */,
			);
			path = "Features";
			sourceTree = "<group>";
		};
		EAE7E0792857D0803A569A1F /* Net */ = {
			isa = PBXGroup;
			children = (
				3D07BA2CFE330C17B8567F4D /* APIClient.swift */,
				CABE69BE694AA90C5A52FFDC /* Entitlements.swift */,
				6879CABF153E425EDADE4BFF /* Models.swift */,
			);
			path = "Net";
			sourceTree = "<group>";
		};
		361F9A6674E0D61B8DD8FE7A /* Resources */ = {
			isa = PBXGroup;
			children = (
				732CDB1930063A5456B77EE2 /* Assets.xcassets */,
				0EA8DFA69206A8B67ABB52C7 /* Info.plist */,
			);
			path = "Resources";
			sourceTree = "<group>";
		};
		F07A286B65B1399DC3469918 /* Store */ = {
			isa = PBXGroup;
			children = (
				8B62AB99A6D511843C1A548F /* AppState.swift */,
				9597B10421DEA888BAF5E021 /* EntitlementStore.swift */,
				21B1C9E8AEDA217151DD2318 /* SubscriptionManager.swift */,
			);
			path = "Store";
			sourceTree = "<group>";
		};
		A41B7EDF869B33BB081AC7D3 /* SnapCal */ = {
			isa = PBXGroup;
			children = (
				86F52B4231FC3A7D77C597F5 /* App */,
				FBB74A86A2FB3C01CBA47B6A /* Core */,
				020A3A2B30B8E4761C03ECEA /* Features */,
				EAE7E0792857D0803A569A1F /* Net */,
				361F9A6674E0D61B8DD8FE7A /* Resources */,
				F07A286B65B1399DC3469918 /* Store */,
				4A82837B83F90BCC70DF90EF /* SnapCal.entitlements */,
			);
			path = "SnapCal";
			sourceTree = "<group>";
		};
		8EF0FC83DAFE6DF0BE6289C3 /* SnapCalTests */ = {
			isa = PBXGroup;
			children = (
				BDAA379520220E99B6CF628D /* NutritionMathTests.swift */,
			);
			path = "SnapCalTests";
			sourceTree = "<group>";
		};
		D4628065601F1B5081180D30 /* SnapCalUITests */ = {
			isa = PBXGroup;
			children = (
				C30A3572E6A1FBFFF61A3E27 /* SnapCalUITests.swift */,
			);
			path = "SnapCalUITests";
			sourceTree = "<group>";
		};
/* End PBXGroup section */

/* Begin PBXNativeTarget section */
		2B71CC765B559B158C5D60EB /* SnapCal */ = {
			isa = PBXNativeTarget;
			buildConfigurationList = C8B4EDF30E5BE12CE30860BB /* Build configuration list for PBXNativeTarget "SnapCal" */;
			buildPhases = (
				15699F0680D70EEB54EDA80A /* Sources */,
				F92A2442C1DCCC476E995124 /* Frameworks */,
				E70F57C59E0F74979F5F6B16 /* Resources */,
			);
			buildRules = (
			);
			dependencies = (
			);
			name = SnapCal;
			productName = SnapCal;
			productReference = 84337AD8D27FCD69AF2C4FC2 /* SnapCal.app */;
			productType = "com.apple.product-type.application";
		};
		0BEE60CC46A69EA227A488C4 /* SnapCalTests */ = {
			isa = PBXNativeTarget;
			buildConfigurationList = 0C0948D0DB1EE79FAE65EDDD /* Build configuration list for PBXNativeTarget "SnapCalTests" */;
			buildPhases = (
				BCDA329B062C5BB4D4A6A5D9 /* Sources */,
				78B03EA5707E239CE6A8A1B3 /* Frameworks */,
				A0F5CE39E3B2B9D4CF6EBC78 /* Resources */,
			);
			buildRules = (
			);
			dependencies = (
				8678047D32B85C938E34C4D0 /* PBXTargetDependency */,
			);
			name = SnapCalTests;
			productName = SnapCalTests;
			productReference = DFDED23FA58339F9273F6C84 /* SnapCalTests.xctest */;
			productType = "com.apple.product-type.bundle.unit-test";
		};
		C9CD40735DE545B5ED2FDA15 /* SnapCalUITests */ = {
			isa = PBXNativeTarget;
			buildConfigurationList = E72A6A262AA7D6BDF2154B6D /* Build configuration list for PBXNativeTarget "SnapCalUITests" */;
			buildPhases = (
				A49496349DC312857FF6D994 /* Sources */,
				AA5D4ADE9A71E930F6466C7C /* Frameworks */,
				E7AA7E4F1FAFB0E89F61FF3D /* Resources */,
			);
			buildRules = (
			);
			dependencies = (
				103B7FFCD4C1D25A61371B2A /* PBXTargetDependency */,
			);
			name = SnapCalUITests;
			productName = SnapCalUITests;
			productReference = BCEE5B7C1B654D90B6BEE36F /* SnapCalUITests.xctest */;
			productType = "com.apple.product-type.bundle.ui-testing";
		};
/* End PBXNativeTarget section */

/* Begin PBXProject section */
		46F86FAA6BBF9AC94A7E4595 /* Project object */ = {
			isa = PBXProject;
			attributes = {
				BuildIndependentTargetsInParallel = 1;
				LastSwiftUpdateCheck = 1600;
				LastUpgradeCheck = 1600;
				TargetAttributes = {
					2B71CC765B559B158C5D60EB = {
						CreatedOnToolsVersion = 16.0;
					};
					0BEE60CC46A69EA227A488C4 = {
						CreatedOnToolsVersion = 16.0;
						TestTargetID = 2B71CC765B559B158C5D60EB;
					};
					C9CD40735DE545B5ED2FDA15 = {
						CreatedOnToolsVersion = 16.0;
						TestTargetID = 2B71CC765B559B158C5D60EB;
					};
				};
			};
			buildConfigurationList = AE883439A53704486338BDB1 /* Build configuration list for PBXProject "SnapCal" */;
			compatibilityVersion = "Xcode 14.0";
			developmentRegion = en;
			hasScannedForEncodings = 0;
			knownRegions = (
				en,
				Base,
			);
			mainGroup = 518DA81DB9B99529C0C0AEBE;
			productRefGroup = 547D009064F7C3F13BEF3460 /* Products */;
			projectDirPath = "";
			projectRoot = "";
			targets = (
				2B71CC765B559B158C5D60EB /* SnapCal */,
				0BEE60CC46A69EA227A488C4 /* SnapCalTests */,
				C9CD40735DE545B5ED2FDA15 /* SnapCalUITests */,
			);
		};
/* End PBXProject section */

/* Begin PBXResourcesBuildPhase section */
		E70F57C59E0F74979F5F6B16 /* Resources */ = {
			isa = PBXResourcesBuildPhase;
			buildActionMask = 2147483647;
			files = (
				BC0D22A411E7DEBC4DDE8CFF /* Assets.xcassets in Resources */,
			);
			runOnlyForDeploymentPostprocessing = 0;
		};
		A0F5CE39E3B2B9D4CF6EBC78 /* Resources */ = {
			isa = PBXResourcesBuildPhase;
			buildActionMask = 2147483647;
			files = (
			);
			runOnlyForDeploymentPostprocessing = 0;
		};
		E7AA7E4F1FAFB0E89F61FF3D /* Resources */ = {
			isa = PBXResourcesBuildPhase;
			buildActionMask = 2147483647;
			files = (
			);
			runOnlyForDeploymentPostprocessing = 0;
		};
/* End PBXResourcesBuildPhase section */

/* Begin PBXSourcesBuildPhase section */
		15699F0680D70EEB54EDA80A /* Sources */ = {
			isa = PBXSourcesBuildPhase;
			buildActionMask = 2147483647;
			files = (
				8C0EEA0A35FFF944774C5B41 /* RootView.swift in Sources */,
				DA223AA3D346CC99B5D25EE7 /* SnapCalApp.swift in Sources */,
				582F21070DB89B67E4471E3C /* Analytics.swift in Sources */,
				5AB020A5A3F434BA4C3EC398 /* Haptics.swift in Sources */,
				45FFE2FDFB5F31278832CE8F /* Keychain.swift in Sources */,
				483325456E6EA79EDC02A82C /* Theme.swift in Sources */,
				144DEC9417FD28234EE097FA /* BarcodeScannerView.swift in Sources */,
				A2895F2FA5ADC607BF322DD5 /* CoachView.swift in Sources */,
				F0B87E887C8F9932A960E887 /* ConfirmMealView.swift in Sources */,
				EF3060160FF39B66DD3E623B /* DashboardView.swift in Sources */,
				68006C9BC1BFD30022F84A34 /* DiaryView.swift in Sources */,
				B0AE89CBC1523DEA5E4485EF /* HealthService.swift in Sources */,
				E11A5584EC1BB7D1016B363F /* ProgressHubView.swift in Sources */,
				909FC15071F46E815EF3E45B /* MealPlannerView.swift in Sources */,
				3CA60DFE7DDA9CC8B59026A6 /* NotificationService.swift in Sources */,
				553DF3BE475943531512356E /* NotificationSettingsView.swift in Sources */,
				C5104D6C0FCDABD55D2E6429 /* OnboardingFlow.swift in Sources */,
				B68E6D9FFD4FDF284B09893F /* WelcomeView.swift in Sources */,
				A9217920447B40A32BE3A24A /* PaywallView.swift in Sources */,
				F5BE67CFEF02CDCBD2E9E1B9 /* CameraCaptureView.swift in Sources */,
				CC1DB52BA208EA186FCB3AA3 /* LogFlowView.swift in Sources */,
				DF19EA46A3837FDD9B996224 /* SettingsView.swift in Sources */,
				F027A453237DC91E8A60FA57 /* TextLogView.swift in Sources */,
				CAC7895B1BA40590AD645010 /* VoiceLogView.swift in Sources */,
				CD43551841E5387B405B4EFC /* APIClient.swift in Sources */,
				4FD87A4CB9D5BC2A0263514B /* Entitlements.swift in Sources */,
				C344746D89057771CD84943C /* Models.swift in Sources */,
				1A8BCD06179B5820D658F18F /* AppState.swift in Sources */,
				18B2F6C68D35D0441602F0D1 /* EntitlementStore.swift in Sources */,
				9882F54642AC46EF05152BA0 /* SubscriptionManager.swift in Sources */,
			);
			runOnlyForDeploymentPostprocessing = 0;
		};
		BCDA329B062C5BB4D4A6A5D9 /* Sources */ = {
			isa = PBXSourcesBuildPhase;
			buildActionMask = 2147483647;
			files = (
				032378596551366EF6B97F94 /* NutritionMathTests.swift in Sources */,
			);
			runOnlyForDeploymentPostprocessing = 0;
		};
		A49496349DC312857FF6D994 /* Sources */ = {
			isa = PBXSourcesBuildPhase;
			buildActionMask = 2147483647;
			files = (
				64F40BBB20DD1A7C6853C58D /* SnapCalUITests.swift in Sources */,
			);
			runOnlyForDeploymentPostprocessing = 0;
		};
/* End PBXSourcesBuildPhase section */

/* Begin PBXTargetDependency section */
		8678047D32B85C938E34C4D0 /* PBXTargetDependency */ = {
			isa = PBXTargetDependency;
			target = 2B71CC765B559B158C5D60EB /* SnapCal */;
			targetProxy = 193D0A8035DE97CF1A3652FD /* PBXContainerItemProxy */;
		};
		103B7FFCD4C1D25A61371B2A /* PBXTargetDependency */ = {
			isa = PBXTargetDependency;
			target = 2B71CC765B559B158C5D60EB /* SnapCal */;
			targetProxy = 74FC7C536795609A8C25D6E6 /* PBXContainerItemProxy */;
		};
/* End PBXTargetDependency section */

/* Begin XCBuildConfiguration section */
		4A43692AD8BCEEB8B727C85B /* Debug */ = {
			isa = XCBuildConfiguration;
			baseConfigurationReference = 2A25695681E34DE6CEFFAD72 /* Debug.xcconfig */;
			buildSettings = {
				ALWAYS_SEARCH_USER_PATHS = NO;
				CLANG_ENABLE_MODULES = YES;
				CLANG_ENABLE_OBJC_ARC = YES;
				CLANG_WARN_DOCUMENTATION_COMMENTS = YES;
				CLANG_WARN_UNGUARDED_AVAILABILITY = YES_AGGRESSIVE;
				COPY_PHASE_STRIP = NO;
				ENABLE_STRICT_OBJC_MSGSEND = YES;
				GCC_NO_COMMON_BLOCKS = YES;
				SDKROOT = iphoneos;
				SWIFT_STRICT_CONCURRENCY = complete;
				ENABLE_MODULE_VERIFIER = NO;
			};
			name = Debug;
		};
		C28449456A5A705A7479770B /* Release */ = {
			isa = XCBuildConfiguration;
			baseConfigurationReference = ADD142CE44799C2312D148CC /* Release.xcconfig */;
			buildSettings = {
				ALWAYS_SEARCH_USER_PATHS = NO;
				CLANG_ENABLE_MODULES = YES;
				CLANG_ENABLE_OBJC_ARC = YES;
				CLANG_WARN_DOCUMENTATION_COMMENTS = YES;
				CLANG_WARN_UNGUARDED_AVAILABILITY = YES_AGGRESSIVE;
				COPY_PHASE_STRIP = NO;
				ENABLE_STRICT_OBJC_MSGSEND = YES;
				GCC_NO_COMMON_BLOCKS = YES;
				SDKROOT = iphoneos;
				SWIFT_STRICT_CONCURRENCY = complete;
				ENABLE_MODULE_VERIFIER = NO;
			};
			name = Release;
		};
		F427D3793507A00D18F818A0 /* Debug */ = {
			isa = XCBuildConfiguration;
			buildSettings = {
				CODE_SIGN_ENTITLEMENTS = SnapCal/SnapCal.entitlements;
				CURRENT_PROJECT_VERSION = 1;
				GENERATE_INFOPLIST_FILE = NO;
				INFOPLIST_FILE = SnapCal/Resources/Info.plist;
				LD_RUNPATH_SEARCH_PATHS = (
					"$(inherited)",
					"@executable_path/Frameworks",
				);
				PRODUCT_BUNDLE_IDENTIFIER = app.snapcal.ios;
				PRODUCT_NAME = "$(TARGET_NAME)";
				SWIFT_EMIT_LOC_STRINGS = YES;
			};
			name = Debug;
		};
		2603FDB067D8522F542907BF /* Release */ = {
			isa = XCBuildConfiguration;
			buildSettings = {
				CODE_SIGN_ENTITLEMENTS = SnapCal/SnapCal.entitlements;
				CURRENT_PROJECT_VERSION = 1;
				GENERATE_INFOPLIST_FILE = NO;
				INFOPLIST_FILE = SnapCal/Resources/Info.plist;
				LD_RUNPATH_SEARCH_PATHS = (
					"$(inherited)",
					"@executable_path/Frameworks",
				);
				PRODUCT_BUNDLE_IDENTIFIER = app.snapcal.ios;
				PRODUCT_NAME = "$(TARGET_NAME)";
				SWIFT_EMIT_LOC_STRINGS = YES;
			};
			name = Release;
		};
		A6C988C3F0868C6C98954AC2 /* Debug */ = {
			isa = XCBuildConfiguration;
			buildSettings = {
				BUNDLE_LOADER = "$(TEST_HOST)";
				GENERATE_INFOPLIST_FILE = YES;
				IPHONEOS_DEPLOYMENT_TARGET = 18.0;
				PRODUCT_BUNDLE_IDENTIFIER = app.snapcal.ios.tests;
				PRODUCT_NAME = "$(TARGET_NAME)";
				SWIFT_VERSION = 5.0;
				TARGETED_DEVICE_FAMILY = 1;
				TEST_HOST = "$(BUILT_PRODUCTS_DIR)/SnapCal.app/$(BUNDLE_EXECUTABLE_FOLDER_PATH)/SnapCal";
			};
			name = Debug;
		};
		11CF4E3A105431EB53210FE7 /* Release */ = {
			isa = XCBuildConfiguration;
			buildSettings = {
				BUNDLE_LOADER = "$(TEST_HOST)";
				GENERATE_INFOPLIST_FILE = YES;
				IPHONEOS_DEPLOYMENT_TARGET = 18.0;
				PRODUCT_BUNDLE_IDENTIFIER = app.snapcal.ios.tests;
				PRODUCT_NAME = "$(TARGET_NAME)";
				SWIFT_VERSION = 5.0;
				TARGETED_DEVICE_FAMILY = 1;
				TEST_HOST = "$(BUILT_PRODUCTS_DIR)/SnapCal.app/$(BUNDLE_EXECUTABLE_FOLDER_PATH)/SnapCal";
			};
			name = Release;
		};
		CB94EA10561E1979AF9924D7 /* Debug */ = {
			isa = XCBuildConfiguration;
			buildSettings = {
				GENERATE_INFOPLIST_FILE = YES;
				IPHONEOS_DEPLOYMENT_TARGET = 18.0;
				PRODUCT_BUNDLE_IDENTIFIER = app.snapcal.ios.uitests;
				PRODUCT_NAME = "$(TARGET_NAME)";
				SWIFT_VERSION = 5.0;
				TARGETED_DEVICE_FAMILY = 1;
				TEST_TARGET_NAME = SnapCal;
			};
			name = Debug;
		};
		E2C069DC83A59B65179B3811 /* Release */ = {
			isa = XCBuildConfiguration;
			buildSettings = {
				GENERATE_INFOPLIST_FILE = YES;
				IPHONEOS_DEPLOYMENT_TARGET = 18.0;
				PRODUCT_BUNDLE_IDENTIFIER = app.snapcal.ios.uitests;
				PRODUCT_NAME = "$(TARGET_NAME)";
				SWIFT_VERSION = 5.0;
				TARGETED_DEVICE_FAMILY = 1;
				TEST_TARGET_NAME = SnapCal;
			};
			name = Release;
		};
/* End XCBuildConfiguration section */

/* Begin XCConfigurationList section */
		AE883439A53704486338BDB1 /* Build configuration list for PBXProject "SnapCal" */ = {
			isa = XCConfigurationList;
			buildConfigurations = (
				4A43692AD8BCEEB8B727C85B /* Debug */,
				C28449456A5A705A7479770B /* Release */,
			);
			defaultConfigurationIsVisible = 0;
			defaultConfigurationName = Release;
		};
		C8B4EDF30E5BE12CE30860BB /* Build configuration list for PBXNativeTarget "SnapCal" */ = {
			isa = XCConfigurationList;
			buildConfigurations = (
				F427D3793507A00D18F818A0 /* Debug */,
				2603FDB067D8522F542907BF /* Release */,
			);
			defaultConfigurationIsVisible = 0;
			defaultConfigurationName = Release;
		};
		0C0948D0DB1EE79FAE65EDDD /* Build configuration list for PBXNativeTarget "SnapCalTests" */ = {
			isa = XCConfigurationList;
			buildConfigurations = (
				A6C988C3F0868C6C98954AC2 /* Debug */,
				11CF4E3A105431EB53210FE7 /* Release */,
			);
			defaultConfigurationIsVisible = 0;
			defaultConfigurationName = Release;
		};
		E72A6A262AA7D6BDF2154B6D /* Build configuration list for PBXNativeTarget "SnapCalUITests" */ = {
			isa = XCConfigurationList;
			buildConfigurations = (
				CB94EA10561E1979AF9924D7 /* Debug */,
				E2C069DC83A59B65179B3811 /* Release */,
			);
			defaultConfigurationIsVisible = 0;
			defaultConfigurationName = Release;
		};
/* End XCConfigurationList section */

	};
	rootObject = 46F86FAA6BBF9AC94A7E4595 /* Project object */;
}
