// !$*UTF8*$!
{
	archiveVersion = 1;
	classes = {
	};
	objectVersion = 56;
	objects = {

/* Begin PBXBuildFile section */
		0B40ECC0E33B79FE1B0AD8F7 /* AppState.swift in Sources */ = {isa = PBXBuildFile; fileRef = 8F6A12D29145759DCB7AB81F /* AppState.swift */; };
		0B751F067668F657F012DD4F /* Entitlements.swift in Sources */ = {isa = PBXBuildFile; fileRef = AD2584CA71871575CF81DF1F /* Entitlements.swift */; };
		0D218423093A1EDF9877F917 /* LogFlowView.swift in Sources */ = {isa = PBXBuildFile; fileRef = 8DDB6BB913F33698197002C4 /* LogFlowView.swift */; };
		136BFD0DD1D10E51D5AC1C6D /* RootView.swift in Sources */ = {isa = PBXBuildFile; fileRef = DFD1A85386436132C2DEBEBB /* RootView.swift */; };
		23B8A3B68DD7F1EEAED23120 /* NotificationService.swift in Sources */ = {isa = PBXBuildFile; fileRef = 098B0A7475ED6BD5394CE249 /* NotificationService.swift */; };
		29D6CF67AFD7C9C345416273 /* SuggestionCard.swift in Sources */ = {isa = PBXBuildFile; fileRef = 8D8BF47C81BA01D3A9E6C5DA /* SuggestionCard.swift */; };
		37AA5A6937B7506FE8BB23FE /* BarcodeScannerView.swift in Sources */ = {isa = PBXBuildFile; fileRef = C23A515D55189B2EDCF25408 /* BarcodeScannerView.swift */; };
		384D2F8C69F6D3D42CE5FC8D /* NutritionMathTests.swift in Sources */ = {isa = PBXBuildFile; fileRef = 43ABBB5E1D413BAAD2EF7265 /* NutritionMathTests.swift */; };
		3A2B27F6D8D55F0437543174 /* CameraCaptureView.swift in Sources */ = {isa = PBXBuildFile; fileRef = 217AA2E471DE72942A576B42 /* CameraCaptureView.swift */; };
		4419F66B9CC939CBE1F04394 /* SubscriptionManager.swift in Sources */ = {isa = PBXBuildFile; fileRef = 4510BFFE580F76787E8182ED /* SubscriptionManager.swift */; };
		471D248C81DC62152E49EF0F /* OnboardingFlow.swift in Sources */ = {isa = PBXBuildFile; fileRef = 9E7FA4143272759FA567DF7C /* OnboardingFlow.swift */; };
		5602F9018620934328230811 /* DiaryView.swift in Sources */ = {isa = PBXBuildFile; fileRef = C028B68F3247E08503691247 /* DiaryView.swift */; };
		5EDB72ED70472116CA8BBFCA /* AuthView.swift in Sources */ = {isa = PBXBuildFile; fileRef = 32E25871917A3FACCFEBC13D /* AuthView.swift */; };
		7A63BC8FD5F0BBBD6C90B94E /* APIClient.swift in Sources */ = {isa = PBXBuildFile; fileRef = 6DA44F6BD29A7628F0D60711 /* APIClient.swift */; };
		810E446ACD3F8D8F8041590E /* Theme.swift in Sources */ = {isa = PBXBuildFile; fileRef = 7D80176967442EDFAA5BAD9B /* Theme.swift */; };
		8656772768C879974B03B2A6 /* NotificationSettingsView.swift in Sources */ = {isa = PBXBuildFile; fileRef = 6AE3335BD9405CA758AE54E2 /* NotificationSettingsView.swift */; };
		8ECC6B5F1FADD2A63BC1B9C3 /* SettingsView.swift in Sources */ = {isa = PBXBuildFile; fileRef = 3CA3CC017B852F7CB358A2BF /* SettingsView.swift */; };
		91DC0A1B14AE3336F6DF2DE8 /* EntitlementStore.swift in Sources */ = {isa = PBXBuildFile; fileRef = DA99E3C3FDB307BE3496F9A8 /* EntitlementStore.swift */; };
		95511A0A5635A1A5E4C5EAFB /* VoiceLogView.swift in Sources */ = {isa = PBXBuildFile; fileRef = 8F81B763668F947B6AFE35D9 /* VoiceLogView.swift */; };
		9EAC59EED07ADC0C421F78F4 /* SnapCalUITests.swift in Sources */ = {isa = PBXBuildFile; fileRef = 426C03EE9F11B28B57F09DF4 /* SnapCalUITests.swift */; };
		AE90860930CFB441C7FC309B /* MealPlannerView.swift in Sources */ = {isa = PBXBuildFile; fileRef = A11B043588156633133CA4B4 /* MealPlannerView.swift */; };
		B3C6CD074978DBCB29E3FB58 /* Analytics.swift in Sources */ = {isa = PBXBuildFile; fileRef = C2766A647AA7F6B573765095 /* Analytics.swift */; };
		B54816AE0CFAB108A5128625 /* HealthService.swift in Sources */ = {isa = PBXBuildFile; fileRef = 5FA441D3926561A1463246FF /* HealthService.swift */; };
		B799B8FEE284A7F756E8FB2E /* Models.swift in Sources */ = {isa = PBXBuildFile; fileRef = C218B5722E6D23781BAFC304 /* Models.swift */; };
		BF1735D3E05F5821C0EC7BEF /* ProgressHubView.swift in Sources */ = {isa = PBXBuildFile; fileRef = 7D0BD5332ABF094E26CE5AC1 /* ProgressHubView.swift */; };
		C535138D18F62D79C45EF08F /* SnapCalApp.swift in Sources */ = {isa = PBXBuildFile; fileRef = 6427B5B98FB60CE4D8A9D750 /* SnapCalApp.swift */; };
		CB501156A83647F4302A8E1D /* Assets.xcassets in Resources */ = {isa = PBXBuildFile; fileRef = CAB397664F36CD5F6452C474 /* Assets.xcassets */; };
		D8E82869F7B8C5E4AF04BC96 /* ConfirmMealView.swift in Sources */ = {isa = PBXBuildFile; fileRef = CF60245C106E56ACFB1800FA /* ConfirmMealView.swift */; };
		DE20A6FC6FAAD67CF37D9828 /* TextLogView.swift in Sources */ = {isa = PBXBuildFile; fileRef = BF87B08DD75AA96F4C48784E /* TextLogView.swift */; };
		E3AE1E9DA880189E64E84D29 /* CoachView.swift in Sources */ = {isa = PBXBuildFile; fileRef = 4A82D5A53D8C939638ED0E0D /* CoachView.swift */; };
		EB3466F5039C4D3195960141 /* WelcomeView.swift in Sources */ = {isa = PBXBuildFile; fileRef = 43483FF4D3A2F040B59D952A /* WelcomeView.swift */; };
		EB9633292F7FF87E24453AFA /* DashboardView.swift in Sources */ = {isa = PBXBuildFile; fileRef = B8FD910563D48DD7EE1B0784 /* DashboardView.swift */; };
		F0A6E0002E3CC519C604E027 /* Haptics.swift in Sources */ = {isa = PBXBuildFile; fileRef = 5574C7F32BA9C5522CE9AD2B /* Haptics.swift */; };
		FA5252D463EF04BE09DCD392 /* PaywallView.swift in Sources */ = {isa = PBXBuildFile; fileRef = 305411C8EBEFBE43F7147CAC /* PaywallView.swift */; };
		FB3B0557F6744CBF3511623D /* Keychain.swift in Sources */ = {isa = PBXBuildFile; fileRef = 3048FA1AD25714E0936F55FF /* Keychain.swift */; };
/* End PBXBuildFile section */

/* Begin PBXContainerItemProxy section */
		193D0A8035DE97CF1A3652FD /* PBXContainerItemProxy */ = {
			isa = PBXContainerItemProxy;
			containerPortal = 46F86FAA6BBF9AC94A7E4595 /* Project object */;
			proxyType = 1;
			remoteGlobalIDString = 2B71CC765B559B158C5D60EB;
			remoteInfo = SnapCal;
		};
		74FC7C536795609A8C25D6E6 /* PBXContainerItemProxy */ = {
			isa = PBXContainerItemProxy;
			containerPortal = 46F86FAA6BBF9AC94A7E4595 /* Project object */;
			proxyType = 1;
			remoteGlobalIDString = 2B71CC765B559B158C5D60EB;
			remoteInfo = SnapCal;
		};
/* End PBXContainerItemProxy section */

/* Begin PBXFileReference section */
		69723CF8402E36BAC8CDCD90 /* Base.xcconfig */ = {isa = PBXFileReference; lastKnownFileType = text.xcconfig; path = "Base.xcconfig"; sourceTree = "<group>"; };
		6A5BEAA81BEC2CD3BA9D651B /* Debug.xcconfig */ = {isa = PBXFileReference; lastKnownFileType = text.xcconfig; path = "Debug.xcconfig"; sourceTree = "<group>"; };
		D6F9158E9B5A9C0C71EA5A96 /* Release.xcconfig */ = {isa = PBXFileReference; lastKnownFileType = text.xcconfig; path = "Release.xcconfig"; sourceTree = "<group>"; };
		C9A49F089EB82258171A53D9 /* SnapCal.storekit */ = {isa = PBXFileReference; lastKnownFileType = text.json; path = "SnapCal.storekit"; sourceTree = "<group>"; };
		DFD1A85386436132C2DEBEBB /* RootView.swift */ = {isa = PBXFileReference; lastKnownFileType = sourcecode.swift; path = "RootView.swift"; sourceTree = "<group>"; };
		6427B5B98FB60CE4D8A9D750 /* SnapCalApp.swift */ = {isa = PBXFileReference; lastKnownFileType = sourcecode.swift; path = "SnapCalApp.swift"; sourceTree = "<group>"; };
		C2766A647AA7F6B573765095 /* Analytics.swift */ = {isa = PBXFileReference; lastKnownFileType = sourcecode.swift; path = "Analytics.swift"; sourceTree = "<group>"; };
		5574C7F32BA9C5522CE9AD2B /* Haptics.swift */ = {isa = PBXFileReference; lastKnownFileType = sourcecode.swift; path = "Haptics.swift"; sourceTree = "<group>"; };
		3048FA1AD25714E0936F55FF /* Keychain.swift */ = {isa = PBXFileReference; lastKnownFileType = sourcecode.swift; path = "Keychain.swift"; sourceTree = "<group>"; };
		7D80176967442EDFAA5BAD9B /* Theme.swift */ = {isa = PBXFileReference; lastKnownFileType = sourcecode.swift; path = "Theme.swift"; sourceTree = "<group>"; };
		C23A515D55189B2EDCF25408 /* BarcodeScannerView.swift */ = {isa = PBXFileReference; lastKnownFileType = sourcecode.swift; path = "BarcodeScannerView.swift"; sourceTree = "<group>"; };
		4A82D5A53D8C939638ED0E0D /* CoachView.swift */ = {isa = PBXFileReference; lastKnownFileType = sourcecode.swift; path = "CoachView.swift"; sourceTree = "<group>"; };
		8D8BF47C81BA01D3A9E6C5DA /* SuggestionCard.swift */ = {isa = PBXFileReference; lastKnownFileType = sourcecode.swift; path = "SuggestionCard.swift"; sourceTree = "<group>"; };
		CF60245C106E56ACFB1800FA /* ConfirmMealView.swift */ = {isa = PBXFileReference; lastKnownFileType = sourcecode.swift; path = "ConfirmMealView.swift"; sourceTree = "<group>"; };
		B8FD910563D48DD7EE1B0784 /* DashboardView.swift */ = {isa = PBXFileReference; lastKnownFileType = sourcecode.swift; path = "DashboardView.swift"; sourceTree = "<group>"; };
		C028B68F3247E08503691247 /* DiaryView.swift */ = {isa = PBXFileReference; lastKnownFileType = sourcecode.swift; path = "DiaryView.swift"; sourceTree = "<group>"; };
		5FA441D3926561A1463246FF /* HealthService.swift */ = {isa = PBXFileReference; lastKnownFileType = sourcecode.swift; path = "HealthService.swift"; sourceTree = "<group>"; };
		7D0BD5332ABF094E26CE5AC1 /* ProgressHubView.swift */ = {isa = PBXFileReference; lastKnownFileType = sourcecode.swift; path = "ProgressHubView.swift"; sourceTree = "<group>"; };
		A11B043588156633133CA4B4 /* MealPlannerView.swift */ = {isa = PBXFileReference; lastKnownFileType = sourcecode.swift; path = "MealPlannerView.swift"; sourceTree = "<group>"; };
		098B0A7475ED6BD5394CE249 /* NotificationService.swift */ = {isa = PBXFileReference; lastKnownFileType = sourcecode.swift; path = "NotificationService.swift"; sourceTree = "<group>"; };
		6AE3335BD9405CA758AE54E2 /* NotificationSettingsView.swift */ = {isa = PBXFileReference; lastKnownFileType = sourcecode.swift; path = "NotificationSettingsView.swift"; sourceTree = "<group>"; };
		32E25871917A3FACCFEBC13D /* AuthView.swift */ = {isa = PBXFileReference; lastKnownFileType = sourcecode.swift; path = "AuthView.swift"; sourceTree = "<group>"; };
		9E7FA4143272759FA567DF7C /* OnboardingFlow.swift */ = {isa = PBXFileReference; lastKnownFileType = sourcecode.swift; path = "OnboardingFlow.swift"; sourceTree = "<group>"; };
		43483FF4D3A2F040B59D952A /* WelcomeView.swift */ = {isa = PBXFileReference; lastKnownFileType = sourcecode.swift; path = "WelcomeView.swift"; sourceTree = "<group>"; };
		305411C8EBEFBE43F7147CAC /* PaywallView.swift */ = {isa = PBXFileReference; lastKnownFileType = sourcecode.swift; path = "PaywallView.swift"; sourceTree = "<group>"; };
		217AA2E471DE72942A576B42 /* CameraCaptureView.swift */ = {isa = PBXFileReference; lastKnownFileType = sourcecode.swift; path = "CameraCaptureView.swift"; sourceTree = "<group>"; };
		8DDB6BB913F33698197002C4 /* LogFlowView.swift */ = {isa = PBXFileReference; lastKnownFileType = sourcecode.swift; path = "LogFlowView.swift"; sourceTree = "<group>"; };
		3CA3CC017B852F7CB358A2BF /* SettingsView.swift */ = {isa = PBXFileReference; lastKnownFileType = sourcecode.swift; path = "SettingsView.swift"; sourceTree = "<group>"; };
		BF87B08DD75AA96F4C48784E /* TextLogView.swift */ = {isa = PBXFileReference; lastKnownFileType = sourcecode.swift; path = "TextLogView.swift"; sourceTree = "<group>"; };
		8F81B763668F947B6AFE35D9 /* VoiceLogView.swift */ = {isa = PBXFileReference; lastKnownFileType = sourcecode.swift; path = "VoiceLogView.swift"; sourceTree = "<group>"; };
		6DA44F6BD29A7628F0D60711 /* APIClient.swift */ = {isa = PBXFileReference; lastKnownFileType = sourcecode.swift; path = "APIClient.swift"; sourceTree = "<group>"; };
		AD2584CA71871575CF81DF1F /* Entitlements.swift */ = {isa = PBXFileReference; lastKnownFileType = sourcecode.swift; path = "Entitlements.swift"; sourceTree = "<group>"; };
		C218B5722E6D23781BAFC304 /* Models.swift */ = {isa = PBXFileReference; lastKnownFileType = sourcecode.swift; path = "Models.swift"; sourceTree = "<group>"; };
		CAB397664F36CD5F6452C474 /* Assets.xcassets */ = {isa = PBXFileReference; lastKnownFileType = folder.assetcatalog; path = "Assets.xcassets"; sourceTree = "<group>"; };
		A5EFB556F6455338F57762EC /* Info.plist */ = {isa = PBXFileReference; lastKnownFileType = text.plist.xml; path = "Info.plist"; sourceTree = "<group>"; };
		FF59BCE1C4C1D1DB8666D876 /* SnapCal.entitlements */ = {isa = PBXFileReference; lastKnownFileType = text.plist.entitlements; path = "SnapCal.entitlements"; sourceTree = "<group>"; };
		8F6A12D29145759DCB7AB81F /* AppState.swift */ = {isa = PBXFileReference; lastKnownFileType = sourcecode.swift; path = "AppState.swift"; sourceTree = "<group>"; };
		DA99E3C3FDB307BE3496F9A8 /* EntitlementStore.swift */ = {isa = PBXFileReference; lastKnownFileType = sourcecode.swift; path = "EntitlementStore.swift"; sourceTree = "<group>"; };
		4510BFFE580F76787E8182ED /* SubscriptionManager.swift */ = {isa = PBXFileReference; lastKnownFileType = sourcecode.swift; path = "SubscriptionManager.swift"; sourceTree = "<group>"; };
		43ABBB5E1D413BAAD2EF7265 /* NutritionMathTests.swift */ = {isa = PBXFileReference; lastKnownFileType = sourcecode.swift; path = "NutritionMathTests.swift"; sourceTree = "<group>"; };
		426C03EE9F11B28B57F09DF4 /* SnapCalUITests.swift */ = {isa = PBXFileReference; lastKnownFileType = sourcecode.swift; path = "SnapCalUITests.swift"; sourceTree = "<group>"; };
		84337AD8D27FCD69AF2C4FC2 /* SnapCal.app */ = {isa = PBXFileReference; explicitFileType = wrapper.application; includeInIndex = 0; path = "SnapCal.app"; sourceTree = BUILT_PRODUCTS_DIR; };
		DFDED23FA58339F9273F6C84 /* SnapCalTests.xctest */ = {isa = PBXFileReference; explicitFileType = wrapper.cfbundle; includeInIndex = 0; path = "SnapCalTests.xctest"; sourceTree = BUILT_PRODUCTS_DIR; };
		BCEE5B7C1B654D90B6BEE36F /* SnapCalUITests.xctest */ = {isa = PBXFileReference; explicitFileType = wrapper.cfbundle; includeInIndex = 0; path = "SnapCalUITests.xctest"; sourceTree = BUILT_PRODUCTS_DIR; };
/* End PBXFileReference section */

/* Begin PBXFrameworksBuildPhase section */
		F92A2442C1DCCC476E995124 /* Frameworks */ = {
			isa = PBXFrameworksBuildPhase;
			buildActionMask = 2147483647;
			files = (
			);
			runOnlyForDeploymentPostprocessing = 0;
		};
		78B03EA5707E239CE6A8A1B3 /* Frameworks */ = {
			isa = PBXFrameworksBuildPhase;
			buildActionMask = 2147483647;
			files = (
			);
			runOnlyForDeploymentPostprocessing = 0;
		};
		AA5D4ADE9A71E930F6466C7C /* Frameworks */ = {
			isa = PBXFrameworksBuildPhase;
			buildActionMask = 2147483647;
			files = (
			);
			runOnlyForDeploymentPostprocessing = 0;
		};
/* End PBXFrameworksBuildPhase section */

/* Begin PBXGroup section */
		518DA81DB9B99529C0C0AEBE = {
			isa = PBXGroup;
			children = (
				BD13AA3ACFF3D0C2ED6E4720 /* Config */,
				A41B7EDF869B33BB081AC7D3 /* SnapCal */,
				8EF0FC83DAFE6DF0BE6289C3 /* SnapCalTests */,
				D4628065601F1B5081180D30 /* SnapCalUITests */,
				547D009064F7C3F13BEF3460 /* Products */,
			);
			sourceTree = "<group>";
		};
		547D009064F7C3F13BEF3460 /* Products */ = {
			isa = PBXGroup;
			children = (
				84337AD8D27FCD69AF2C4FC2 /* SnapCal.app */,
				DFDED23FA58339F9273F6C84 /* SnapCalTests.xctest */,
				BCEE5B7C1B654D90B6BEE36F /* SnapCalUITests.xctest */,
			);
			name = Products;
			sourceTree = "<group>";
		};
		BD13AA3ACFF3D0C2ED6E4720 /* Config */ = {
			isa = PBXGroup;
			children = (
				69723CF8402E36BAC8CDCD90 /* Base.xcconfig */,
				6A5BEAA81BEC2CD3BA9D651B /* Debug.xcconfig */,
				D6F9158E9B5A9C0C71EA5A96 /* Release.xcconfig */,
				C9A49F089EB82258171A53D9 /* SnapCal.storekit */,
			);
			path = "Config";
			sourceTree = "<group>";
		};
		86F52B4231FC3A7D77C597F5 /* App */ = {
			isa = PBXGroup;
			children = (
				DFD1A85386436132C2DEBEBB /* RootView.swift */,
				6427B5B98FB60CE4D8A9D750 /* SnapCalApp.swift */,
			);
			path = "App";
			sourceTree = "<group>";
		};
		7A3DA1FD1652BA7486FBB619 /* Analytics */ = {
			isa = PBXGroup;
			children = (
				C2766A647AA7F6B573765095 /* Analytics.swift */,
			);
			path = "Analytics";
			sourceTree = "<group>";
		};
		FBB74A86A2FB3C01CBA47B6A /* Core */ = {
			isa = PBXGroup;
			children = (
				7A3DA1FD1652BA7486FBB619 /* Analytics */,
				5574C7F32BA9C5522CE9AD2B /* Haptics.swift */,
				3048FA1AD25714E0936F55FF /* Keychain.swift */,
				7D80176967442EDFAA5BAD9B /* Theme.swift */,
			);
			path = "Core";
			sourceTree = "<group>";
		};
		251B36A77A44B6D5A062E924 /* Barcode */ = {
			isa = PBXGroup;
			children = (
				C23A515D55189B2EDCF25408 /* BarcodeScannerView.swift */,
			);
			path = "Barcode";
			sourceTree = "<group>";
		};
		ACEC81E669F3E8B19602E985 /* Coach */ = {
			isa = PBXGroup;
			children = (
				4A82D5A53D8C939638ED0E0D /* CoachView.swift */,
				8D8BF47C81BA01D3A9E6C5DA /* SuggestionCard.swift */,
			);
			path = "Coach";
			sourceTree = "<group>";
		};
		443F81F3ACC69297AFB4721B /* Confirm */ = {
			isa = PBXGroup;
			children = (
				CF60245C106E56ACFB1800FA /* ConfirmMealView.swift */,
			);
			path = "Confirm";
			sourceTree = "<group>";
		};
		655EB38641A1C83C08C8EAA2 /* Dashboard */ = {
			isa = PBXGroup;
			children = (
				B8FD910563D48DD7EE1B0784 /* DashboardView.swift */,
			);
			path = "Dashboard";
			sourceTree = "<group>";
		};
		23C225CE059C7A111CE6D94C /* Diary */ = {
			isa = PBXGroup;
			children = (
				C028B68F3247E08503691247 /* DiaryView.swift */,
			);
			path = "Diary";
			sourceTree = "<group>";
		};
		7C7C167D0E1AE526C98930BE /* Health */ = {
			isa = PBXGroup;
			children = (
				5FA441D3926561A1463246FF /* HealthService.swift */,
			);
			path = "Health";
			sourceTree = "<group>";
		};
		DC2968991BC43B63114B3047 /* History */ = {
			isa = PBXGroup;
			children = (
				7D0BD5332ABF094E26CE5AC1 /* ProgressHubView.swift */,
			);
			path = "History";
			sourceTree = "<group>";
		};
		757A63FDAB94B299BA9ECB48 /* MealPlanner */ = {
			isa = PBXGroup;
			children = (
				A11B043588156633133CA4B4 /* MealPlannerView.swift */,
			);
			path = "MealPlanner";
			sourceTree = "<group>";
		};
		74C0AE34EE17C4563778AB2C /* Notifications */ = {
			isa = PBXGroup;
			children = (
				098B0A7475ED6BD5394CE249 /* NotificationService.swift */,
				6AE3335BD9405CA758AE54E2 /* NotificationSettingsView.swift */,
			);
			path = "Notifications";
			sourceTree = "<group>";
		};
		3D152FD1425BA53E5CA49D04 /* Onboarding */ = {
			isa = PBXGroup;
			children = (
				32E25871917A3FACCFEBC13D /* AuthView.swift */,
				9E7FA4143272759FA567DF7C /* OnboardingFlow.swift */,
				43483FF4D3A2F040B59D952A /* WelcomeView.swift */,
			);
			path = "Onboarding";
			sourceTree = "<group>";
		};
		CBA2415E2EF9F223FCFC65B8 /* Paywall */ = {
			isa = PBXGroup;
			children = (
				305411C8EBEFBE43F7147CAC /* PaywallView.swift */,
			);
			path = "Paywall";
			sourceTree = "<group>";
		};
		A646F2E7A9CB15EE0AF9BA22 /* Scan */ = {
			isa = PBXGroup;
			children = (
				217AA2E471DE72942A576B42 /* CameraCaptureView.swift */,
				8DDB6BB913F33698197002C4 /* LogFlowView.swift */,
			);
			path = "Scan";
			sourceTree = "<group>";
		};
		221BE1D92D146C9D9CB6A170 /* Settings */ = {
			isa = PBXGroup;
			children = (
				3CA3CC017B852F7CB358A2BF /* SettingsView.swift */,
			);
			path = "Settings";
			sourceTree = "<group>";
		};
		9D09071238608B77CCE4815C /* TextLog */ = {
			isa = PBXGroup;
			children = (
				BF87B08DD75AA96F4C48784E /* TextLogView.swift */,
			);
			path = "TextLog";
			sourceTree = "<group>";
		};
		E775C57065B4EB1C714AF10C /* VoiceLog */ = {
			isa = PBXGroup;
			children = (
				8F81B763668F947B6AFE35D9 /* VoiceLogView.swift */,
			);
			path = "VoiceLog";
			sourceTree = "<group>";
		};
		020A3A2B30B8E4761C03ECEA /* Features */ = {
			isa = PBXGroup;
			children = (
				251B36A77A44B6D5A062E924 /* Barcode */,
				ACEC81E669F3E8B19602E985 /* Coach */,
				443F81F3ACC69297AFB4721B /* Confirm */,
				655EB38641A1C83C08C8EAA2 /* Dashboard */,
				23C225CE059C7A111CE6D94C /* Diary */,
				7C7C167D0E1AE526C98930BE /* Health */,
				DC2968991BC43B63114B3047 /* History */,
				757A63FDAB94B299BA9ECB48 /* MealPlanner */,
				74C0AE34EE17C4563778AB2C /* Notifications */,
				3D152FD1425BA53E5CA49D04 /* Onboarding */,
				CBA2415E2EF9F223FCFC65B8 /* Paywall */,
				A646F2E7A9CB15EE0AF9BA22 /* Scan */,
				221BE1D92D146C9D9CB6A170 /* Settings */,
				9D09071238608B77CCE4815C /* TextLog */,
				E775C57065B4EB1C714AF10C /* VoiceLog */,
			);
			path = "Features";
			sourceTree = "<group>";
		};
		EAE7E0792857D0803A569A1F /* Net */ = {
			isa = PBXGroup;
			children = (
				6DA44F6BD29A7628F0D60711 /* APIClient.swift */,
				AD2584CA71871575CF81DF1F /* Entitlements.swift */,
				C218B5722E6D23781BAFC304 /* Models.swift */,
			);
			path = "Net";
			sourceTree = "<group>";
		};
		361F9A6674E0D61B8DD8FE7A /* Resources */ = {
			isa = PBXGroup;
			children = (
				CAB397664F36CD5F6452C474 /* Assets.xcassets */,
				A5EFB556F6455338F57762EC /* Info.plist */,
			);
			path = "Resources";
			sourceTree = "<group>";
		};
		F07A286B65B1399DC3469918 /* Store */ = {
			isa = PBXGroup;
			children = (
				8F6A12D29145759DCB7AB81F /* AppState.swift */,
				DA99E3C3FDB307BE3496F9A8 /* EntitlementStore.swift */,
				4510BFFE580F76787E8182ED /* SubscriptionManager.swift */,
			);
			path = "Store";
			sourceTree = "<group>";
		};
		A41B7EDF869B33BB081AC7D3 /* SnapCal */ = {
			isa = PBXGroup;
			children = (
				86F52B4231FC3A7D77C597F5 /* App */,
				FBB74A86A2FB3C01CBA47B6A /* Core */,
				020A3A2B30B8E4761C03ECEA /* Features */,
				EAE7E0792857D0803A569A1F /* Net */,
				361F9A6674E0D61B8DD8FE7A /* Resources */,
				F07A286B65B1399DC3469918 /* Store */,
				FF59BCE1C4C1D1DB8666D876 /* SnapCal.entitlements */,
			);
			path = "SnapCal";
			sourceTree = "<group>";
		};
		8EF0FC83DAFE6DF0BE6289C3 /* SnapCalTests */ = {
			isa = PBXGroup;
			children = (
				43ABBB5E1D413BAAD2EF7265 /* NutritionMathTests.swift */,
			);
			path = "SnapCalTests";
			sourceTree = "<group>";
		};
		D4628065601F1B5081180D30 /* SnapCalUITests */ = {
			isa = PBXGroup;
			children = (
				426C03EE9F11B28B57F09DF4 /* SnapCalUITests.swift */,
			);
			path = "SnapCalUITests";
			sourceTree = "<group>";
		};
/* End PBXGroup section */

/* Begin PBXNativeTarget section */
		2B71CC765B559B158C5D60EB /* SnapCal */ = {
			isa = PBXNativeTarget;
			buildConfigurationList = C8B4EDF30E5BE12CE30860BB /* Build configuration list for PBXNativeTarget "SnapCal" */;
			buildPhases = (
				15699F0680D70EEB54EDA80A /* Sources */,
				F92A2442C1DCCC476E995124 /* Frameworks */,
				E70F57C59E0F74979F5F6B16 /* Resources */,
			);
			buildRules = (
			);
			dependencies = (
			);
			name = SnapCal;
			productName = SnapCal;
			productReference = 84337AD8D27FCD69AF2C4FC2 /* SnapCal.app */;
			productType = "com.apple.product-type.application";
		};
		0BEE60CC46A69EA227A488C4 /* SnapCalTests */ = {
			isa = PBXNativeTarget;
			buildConfigurationList = 0C0948D0DB1EE79FAE65EDDD /* Build configuration list for PBXNativeTarget "SnapCalTests" */;
			buildPhases = (
				BCDA329B062C5BB4D4A6A5D9 /* Sources */,
				78B03EA5707E239CE6A8A1B3 /* Frameworks */,
				A0F5CE39E3B2B9D4CF6EBC78 /* Resources */,
			);
			buildRules = (
			);
			dependencies = (
				8678047D32B85C938E34C4D0 /* PBXTargetDependency */,
			);
			name = SnapCalTests;
			productName = SnapCalTests;
			productReference = DFDED23FA58339F9273F6C84 /* SnapCalTests.xctest */;
			productType = "com.apple.product-type.bundle.unit-test";
		};
		C9CD40735DE545B5ED2FDA15 /* SnapCalUITests */ = {
			isa = PBXNativeTarget;
			buildConfigurationList = E72A6A262AA7D6BDF2154B6D /* Build configuration list for PBXNativeTarget "SnapCalUITests" */;
			buildPhases = (
				A49496349DC312857FF6D994 /* Sources */,
				AA5D4ADE9A71E930F6466C7C /* Frameworks */,
				E7AA7E4F1FAFB0E89F61FF3D /* Resources */,
			);
			buildRules = (
			);
			dependencies = (
				103B7FFCD4C1D25A61371B2A /* PBXTargetDependency */,
			);
			name = SnapCalUITests;
			productName = SnapCalUITests;
			productReference = BCEE5B7C1B654D90B6BEE36F /* SnapCalUITests.xctest */;
			productType = "com.apple.product-type.bundle.ui-testing";
		};
/* End PBXNativeTarget section */

/* Begin PBXProject section */
		46F86FAA6BBF9AC94A7E4595 /* Project object */ = {
			isa = PBXProject;
			attributes = {
				BuildIndependentTargetsInParallel = 1;
				LastSwiftUpdateCheck = 1600;
				LastUpgradeCheck = 1600;
				TargetAttributes = {
					2B71CC765B559B158C5D60EB = {
						CreatedOnToolsVersion = 16.0;
					};
					0BEE60CC46A69EA227A488C4 = {
						CreatedOnToolsVersion = 16.0;
						TestTargetID = 2B71CC765B559B158C5D60EB;
					};
					C9CD40735DE545B5ED2FDA15 = {
						CreatedOnToolsVersion = 16.0;
						TestTargetID = 2B71CC765B559B158C5D60EB;
					};
				};
			};
			buildConfigurationList = AE883439A53704486338BDB1 /* Build configuration list for PBXProject "SnapCal" */;
			compatibilityVersion = "Xcode 14.0";
			developmentRegion = en;
			hasScannedForEncodings = 0;
			knownRegions = (
				en,
				Base,
			);
			mainGroup = 518DA81DB9B99529C0C0AEBE;
			productRefGroup = 547D009064F7C3F13BEF3460 /* Products */;
			projectDirPath = "";
			projectRoot = "";
			targets = (
				2B71CC765B559B158C5D60EB /* SnapCal */,
				0BEE60CC46A69EA227A488C4 /* SnapCalTests */,
				C9CD40735DE545B5ED2FDA15 /* SnapCalUITests */,
			);
		};
/* End PBXProject section */

/* Begin PBXResourcesBuildPhase section */
		E70F57C59E0F74979F5F6B16 /* Resources */ = {
			isa = PBXResourcesBuildPhase;
			buildActionMask = 2147483647;
			files = (
				CB501156A83647F4302A8E1D /* Assets.xcassets in Resources */,
			);
			runOnlyForDeploymentPostprocessing = 0;
		};
		A0F5CE39E3B2B9D4CF6EBC78 /* Resources */ = {
			isa = PBXResourcesBuildPhase;
			buildActionMask = 2147483647;
			files = (
			);
			runOnlyForDeploymentPostprocessing = 0;
		};
		E7AA7E4F1FAFB0E89F61FF3D /* Resources */ = {
			isa = PBXResourcesBuildPhase;
			buildActionMask = 2147483647;
			files = (
			);
			runOnlyForDeploymentPostprocessing = 0;
		};
/* End PBXResourcesBuildPhase section */

/* Begin PBXSourcesBuildPhase section */
		15699F0680D70EEB54EDA80A /* Sources */ = {
			isa = PBXSourcesBuildPhase;
			buildActionMask = 2147483647;
			files = (
				136BFD0DD1D10E51D5AC1C6D /* RootView.swift in Sources */,
				C535138D18F62D79C45EF08F /* SnapCalApp.swift in Sources */,
				B3C6CD074978DBCB29E3FB58 /* Analytics.swift in Sources */,
				F0A6E0002E3CC519C604E027 /* Haptics.swift in Sources */,
				FB3B0557F6744CBF3511623D /* Keychain.swift in Sources */,
				810E446ACD3F8D8F8041590E /* Theme.swift in Sources */,
				37AA5A6937B7506FE8BB23FE /* BarcodeScannerView.swift in Sources */,
				E3AE1E9DA880189E64E84D29 /* CoachView.swift in Sources */,
				29D6CF67AFD7C9C345416273 /* SuggestionCard.swift in Sources */,
				D8E82869F7B8C5E4AF04BC96 /* ConfirmMealView.swift in Sources */,
				EB9633292F7FF87E24453AFA /* DashboardView.swift in Sources */,
				5602F9018620934328230811 /* DiaryView.swift in Sources */,
				B54816AE0CFAB108A5128625 /* HealthService.swift in Sources */,
				BF1735D3E05F5821C0EC7BEF /* ProgressHubView.swift in Sources */,
				AE90860930CFB441C7FC309B /* MealPlannerView.swift in Sources */,
				23B8A3B68DD7F1EEAED23120 /* NotificationService.swift in Sources */,
				8656772768C879974B03B2A6 /* NotificationSettingsView.swift in Sources */,
				5EDB72ED70472116CA8BBFCA /* AuthView.swift in Sources */,
				471D248C81DC62152E49EF0F /* OnboardingFlow.swift in Sources */,
				EB3466F5039C4D3195960141 /* WelcomeView.swift in Sources */,
				FA5252D463EF04BE09DCD392 /* PaywallView.swift in Sources */,
				3A2B27F6D8D55F0437543174 /* CameraCaptureView.swift in Sources */,
				0D218423093A1EDF9877F917 /* LogFlowView.swift in Sources */,
				8ECC6B5F1FADD2A63BC1B9C3 /* SettingsView.swift in Sources */,
				DE20A6FC6FAAD67CF37D9828 /* TextLogView.swift in Sources */,
				95511A0A5635A1A5E4C5EAFB /* VoiceLogView.swift in Sources */,
				7A63BC8FD5F0BBBD6C90B94E /* APIClient.swift in Sources */,
				0B751F067668F657F012DD4F /* Entitlements.swift in Sources */,
				B799B8FEE284A7F756E8FB2E /* Models.swift in Sources */,
				0B40ECC0E33B79FE1B0AD8F7 /* AppState.swift in Sources */,
				91DC0A1B14AE3336F6DF2DE8 /* EntitlementStore.swift in Sources */,
				4419F66B9CC939CBE1F04394 /* SubscriptionManager.swift in Sources */,
			);
			runOnlyForDeploymentPostprocessing = 0;
		};
		BCDA329B062C5BB4D4A6A5D9 /* Sources */ = {
			isa = PBXSourcesBuildPhase;
			buildActionMask = 2147483647;
			files = (
				384D2F8C69F6D3D42CE5FC8D /* NutritionMathTests.swift in Sources */,
			);
			runOnlyForDeploymentPostprocessing = 0;
		};
		A49496349DC312857FF6D994 /* Sources */ = {
			isa = PBXSourcesBuildPhase;
			buildActionMask = 2147483647;
			files = (
				9EAC59EED07ADC0C421F78F4 /* SnapCalUITests.swift in Sources */,
			);
			runOnlyForDeploymentPostprocessing = 0;
		};
/* End PBXSourcesBuildPhase section */

/* Begin PBXTargetDependency section */
		8678047D32B85C938E34C4D0 /* PBXTargetDependency */ = {
			isa = PBXTargetDependency;
			target = 2B71CC765B559B158C5D60EB /* SnapCal */;
			targetProxy = 193D0A8035DE97CF1A3652FD /* PBXContainerItemProxy */;
		};
		103B7FFCD4C1D25A61371B2A /* PBXTargetDependency */ = {
			isa = PBXTargetDependency;
			target = 2B71CC765B559B158C5D60EB /* SnapCal */;
			targetProxy = 74FC7C536795609A8C25D6E6 /* PBXContainerItemProxy */;
		};
/* End PBXTargetDependency section */

/* Begin XCBuildConfiguration section */
		4A43692AD8BCEEB8B727C85B /* Debug */ = {
			isa = XCBuildConfiguration;
			baseConfigurationReference = 6A5BEAA81BEC2CD3BA9D651B /* Debug.xcconfig */;
			buildSettings = {
				ALWAYS_SEARCH_USER_PATHS = NO;
				CLANG_ENABLE_MODULES = YES;
				CLANG_ENABLE_OBJC_ARC = YES;
				CLANG_WARN_DOCUMENTATION_COMMENTS = YES;
				CLANG_WARN_UNGUARDED_AVAILABILITY = YES_AGGRESSIVE;
				COPY_PHASE_STRIP = NO;
				ENABLE_STRICT_OBJC_MSGSEND = YES;
				GCC_NO_COMMON_BLOCKS = YES;
				SDKROOT = iphoneos;
				SWIFT_STRICT_CONCURRENCY = complete;
				ENABLE_MODULE_VERIFIER = NO;
			};
			name = Debug;
		};
		C28449456A5A705A7479770B /* Release */ = {
			isa = XCBuildConfiguration;
			baseConfigurationReference = D6F9158E9B5A9C0C71EA5A96 /* Release.xcconfig */;
			buildSettings = {
				ALWAYS_SEARCH_USER_PATHS = NO;
				CLANG_ENABLE_MODULES = YES;
				CLANG_ENABLE_OBJC_ARC = YES;
				CLANG_WARN_DOCUMENTATION_COMMENTS = YES;
				CLANG_WARN_UNGUARDED_AVAILABILITY = YES_AGGRESSIVE;
				COPY_PHASE_STRIP = NO;
				ENABLE_STRICT_OBJC_MSGSEND = YES;
				GCC_NO_COMMON_BLOCKS = YES;
				SDKROOT = iphoneos;
				SWIFT_STRICT_CONCURRENCY = complete;
				ENABLE_MODULE_VERIFIER = NO;
			};
			name = Release;
		};
		F427D3793507A00D18F818A0 /* Debug */ = {
			isa = XCBuildConfiguration;
			buildSettings = {
				CODE_SIGN_ENTITLEMENTS = SnapCal/SnapCal.entitlements;
				CURRENT_PROJECT_VERSION = 1;
				GENERATE_INFOPLIST_FILE = NO;
				INFOPLIST_FILE = SnapCal/Resources/Info.plist;
				LD_RUNPATH_SEARCH_PATHS = (
					"$(inherited)",
					"@executable_path/Frameworks",
				);
				PRODUCT_BUNDLE_IDENTIFIER = app.snapcal.ios;
				PRODUCT_NAME = "$(TARGET_NAME)";
				SWIFT_EMIT_LOC_STRINGS = YES;
			};
			name = Debug;
		};
		2603FDB067D8522F542907BF /* Release */ = {
			isa = XCBuildConfiguration;
			buildSettings = {
				CODE_SIGN_ENTITLEMENTS = SnapCal/SnapCal.entitlements;
				CURRENT_PROJECT_VERSION = 1;
				GENERATE_INFOPLIST_FILE = NO;
				INFOPLIST_FILE = SnapCal/Resources/Info.plist;
				LD_RUNPATH_SEARCH_PATHS = (
					"$(inherited)",
					"@executable_path/Frameworks",
				);
				PRODUCT_BUNDLE_IDENTIFIER = app.snapcal.ios;
				PRODUCT_NAME = "$(TARGET_NAME)";
				SWIFT_EMIT_LOC_STRINGS = YES;
			};
			name = Release;
		};
		A6C988C3F0868C6C98954AC2 /* Debug */ = {
			isa = XCBuildConfiguration;
			buildSettings = {
				BUNDLE_LOADER = "$(TEST_HOST)";
				GENERATE_INFOPLIST_FILE = YES;
				IPHONEOS_DEPLOYMENT_TARGET = 18.0;
				PRODUCT_BUNDLE_IDENTIFIER = app.snapcal.ios.tests;
				PRODUCT_NAME = "$(TARGET_NAME)";
				SWIFT_VERSION = 5.0;
				TARGETED_DEVICE_FAMILY = 1;
				TEST_HOST = "$(BUILT_PRODUCTS_DIR)/SnapCal.app/$(BUNDLE_EXECUTABLE_FOLDER_PATH)/SnapCal";
			};
			name = Debug;
		};
		11CF4E3A105431EB53210FE7 /* Release */ = {
			isa = XCBuildConfiguration;
			buildSettings = {
				BUNDLE_LOADER = "$(TEST_HOST)";
				GENERATE_INFOPLIST_FILE = YES;
				IPHONEOS_DEPLOYMENT_TARGET = 18.0;
				PRODUCT_BUNDLE_IDENTIFIER = app.snapcal.ios.tests;
				PRODUCT_NAME = "$(TARGET_NAME)";
				SWIFT_VERSION = 5.0;
				TARGETED_DEVICE_FAMILY = 1;
				TEST_HOST = "$(BUILT_PRODUCTS_DIR)/SnapCal.app/$(BUNDLE_EXECUTABLE_FOLDER_PATH)/SnapCal";
			};
			name = Release;
		};
		CB94EA10561E1979AF9924D7 /* Debug */ = {
			isa = XCBuildConfiguration;
			buildSettings = {
				GENERATE_INFOPLIST_FILE = YES;
				IPHONEOS_DEPLOYMENT_TARGET = 18.0;
				PRODUCT_BUNDLE_IDENTIFIER = app.snapcal.ios.uitests;
				PRODUCT_NAME = "$(TARGET_NAME)";
				SWIFT_VERSION = 5.0;
				TARGETED_DEVICE_FAMILY = 1;
				TEST_TARGET_NAME = SnapCal;
			};
			name = Debug;
		};
		E2C069DC83A59B65179B3811 /* Release */ = {
			isa = XCBuildConfiguration;
			buildSettings = {
				GENERATE_INFOPLIST_FILE = YES;
				IPHONEOS_DEPLOYMENT_TARGET = 18.0;
				PRODUCT_BUNDLE_IDENTIFIER = app.snapcal.ios.uitests;
				PRODUCT_NAME = "$(TARGET_NAME)";
				SWIFT_VERSION = 5.0;
				TARGETED_DEVICE_FAMILY = 1;
				TEST_TARGET_NAME = SnapCal;
			};
			name = Release;
		};
/* End XCBuildConfiguration section */

/* Begin XCConfigurationList section */
		AE883439A53704486338BDB1 /* Build configuration list for PBXProject "SnapCal" */ = {
			isa = XCConfigurationList;
			buildConfigurations = (
				4A43692AD8BCEEB8B727C85B /* Debug */,
				C28449456A5A705A7479770B /* Release */,
			);
			defaultConfigurationIsVisible = 0;
			defaultConfigurationName = Release;
		};
		C8B4EDF30E5BE12CE30860BB /* Build configuration list for PBXNativeTarget "SnapCal" */ = {
			isa = XCConfigurationList;
			buildConfigurations = (
				F427D3793507A00D18F818A0 /* Debug */,
				2603FDB067D8522F542907BF /* Release */,
			);
			defaultConfigurationIsVisible = 0;
			defaultConfigurationName = Release;
		};
		0C0948D0DB1EE79FAE65EDDD /* Build configuration list for PBXNativeTarget "SnapCalTests" */ = {
			isa = XCConfigurationList;
			buildConfigurations = (
				A6C988C3F0868C6C98954AC2 /* Debug */,
				11CF4E3A105431EB53210FE7 /* Release */,
			);
			defaultConfigurationIsVisible = 0;
			defaultConfigurationName = Release;
		};
		E72A6A262AA7D6BDF2154B6D /* Build configuration list for PBXNativeTarget "SnapCalUITests" */ = {
			isa = XCConfigurationList;
			buildConfigurations = (
				CB94EA10561E1979AF9924D7 /* Debug */,
				E2C069DC83A59B65179B3811 /* Release */,
			);
			defaultConfigurationIsVisible = 0;
			defaultConfigurationName = Release;
		};
/* End XCConfigurationList section */

	};
	rootObject = 46F86FAA6BBF9AC94A7E4595 /* Project object */;
}
